
Microsoft Visual Studio Solution File, Format Version 12.00
# Visual Studio Version 17
VisualStudioVersion = 17.2.32505.173
MinimumVisualStudioVersion = 10.0.40219.1
Project("{FAE04EC0-301F-11D3-BF4B-00C04F79EFBC}") = "TextEditor", "TextEditor.csproj", "{760A57FC-5EBE-4AA8-9630-830B69C2F869}"
EndProject
Global
	GlobalSection(SolutionConfigurationPlatforms) = preSolution
		Debug|Any CPU = Debug|Any CPU
		Release|Any CPU = Release|Any CPU
	EndGlobalSection
	GlobalSection(ProjectConfigurationPlatforms) = postSolution
		{760A57FC-5EBE-4AA8-9630-830B69C2F869}.Debug|Any CPU.ActiveCfg = Debug|Any CPU
		{760A57FC-5EBE-4AA8-9630-830B69C2F869}.Debug|Any CPU.Build.0 = Debug|Any CPU
		{760A57FC-5EBE-4AA8-9630-830B69C2F869}.Release|Any CPU.ActiveCfg = Release|Any CPU
		{760A57FC-5EBE-4AA8-9630-830B69C2F869}.Release|Any CPU.Build.0 = Release|Any CPU
	EndGlobalSection
	GlobalSection(SolutionProperties) = preSolution
		HideSolutionNode = FALSE
	EndGlobalSection
	GlobalSection(ExtensibilityGlobals) = postSolution
		SolutionGuid = {822374AE-E536-48AD-A66F-B2C890D17E5E}
	EndGlobalSection
EndGlobal
