
Microsoft Visual Studio Solution File, Format Version 12.00
# Visual Studio Version 17
VisualStudioVersion = 17.2.32505.173
MinimumVisualStudioVersion = 10.0.40219.1
Project("{FAE04EC0-301F-11D3-BF4B-00C04F79EFBC}") = "WinFormsApp1234", "WinFormsApp1234.csproj", "{46F03090-1001-4DD1-A19C-1F1275D8573B}"
EndProject
Global
	GlobalSection(SolutionConfigurationPlatforms) = preSolution
		Debug|Any CPU = Debug|Any CPU
		Release|Any CPU = Release|Any CPU
	EndGlobalSection
	GlobalSection(ProjectConfigurationPlatforms) = postSolution
		{46F03090-1001-4DD1-A19C-1F1275D8573B}.Debug|Any CPU.ActiveCfg = Debug|Any CPU
		{46F03090-1001-4DD1-A19C-1F1275D8573B}.Debug|Any CPU.Build.0 = Debug|Any CPU
		{46F03090-1001-4DD1-A19C-1F1275D8573B}.Release|Any CPU.ActiveCfg = Release|Any CPU
		{46F03090-1001-4DD1-A19C-1F1275D8573B}.Release|Any CPU.Build.0 = Release|Any CPU
	EndGlobalSection
	GlobalSection(SolutionProperties) = preSolution
		HideSolutionNode = FALSE
	EndGlobalSection
	GlobalSection(ExtensibilityGlobals) = postSolution
		SolutionGuid = {F27F9B27-1202-4D34-86A2-568168E3FC37}
	EndGlobalSection
EndGlobal
